// !$*UTF8*$!
{
	archiveVersion = 1;
	classes = {
	};
	objectVersion = 46;
	objects = {

/* Begin PBXBuildFile section */
		905433B018E1B6E000BE0139 /* AddNewItemViewController.m in Sources */ = {isa = PBXBuildFile; fileRef = 905433AE18E1B6E000BE0139 /* AddNewItemViewController.m */; };
		905433B118E1B6E000BE0139 /* AddNewItemViewController.xib in Resources */ = {isa = PBXBuildFile; fileRef = 905433AF18E1B6E000BE0139 /* AddNewItemViewController.xib */; };
		905433B818E1B8DE00BE0139 /* ItemsTableViewController.m in Sources */ = {isa = PBXBuildFile; fileRef = 905433B618E1B8DE00BE0139 /* ItemsTableViewController.m */; };
		905433B918E1B8DE00BE0139 /* ItemsTableViewController.xib in Resources */ = {isa = PBXBuildFile; fileRef = 905433B718E1B8DE00BE0139 /* ItemsTableViewController.xib */; };
		905FB26418E1B0A20060B947 /* Item.m in Sources */ = {isa = PBXBuildFile; fileRef = 905FB26318E1B0A20060B947 /* Item.m */; };
		905FB26618E1B1100060B947 /* main.storyboard in Resources */ = {isa = PBXBuildFile; fileRef = 905FB26518E1B1100060B947 /* main.storyboard */; };
		9081C4FB18D552D500399E38 /* Foundation.framework in Frameworks */ = {isa = PBXBuildFile; fileRef = 9081C4FA18D552D500399E38 /* Foundation.framework */; };
		9081C4FD18D552D500399E38 /* CoreGraphics.framework in Frameworks */ = {isa = PBXBuildFile; fileRef = 9081C4FC18D552D500399E38 /* CoreGraphics.framework */; };
		9081C4FF18D552D500399E38 /* UIKit.framework in Frameworks */ = {isa = PBXBuildFile; fileRef = 9081C4FE18D552D500399E38 /* UIKit.framework */; };
		9081C50118D552D500399E38 /* CoreData.framework in Frameworks */ = {isa = PBXBuildFile; fileRef = 9081C50018D552D500399E38 /* CoreData.framework */; };
		9081C50718D552D500399E38 /* InfoPlist.strings in Resources */ = {isa = PBXBuildFile; fileRef = 9081C50518D552D500399E38 /* InfoPlist.strings */; };
		9081C50918D552D500399E38 /* main.m in Sources */ = {isa = PBXBuildFile; fileRef = 9081C50818D552D500399E38 /* main.m */; };
		9081C50D18D552D500399E38 /* AppDelegate.m in Sources */ = {isa = PBXBuildFile; fileRef = 9081C50C18D552D500399E38 /* AppDelegate.m */; };
		9081C51018D552D500399E38 /* Project_Kramer.xcdatamodeld in Sources */ = {isa = PBXBuildFile; fileRef = 9081C50E18D552D500399E38 /* Project_Kramer.xcdatamodeld */; };
		9081C51218D552D500399E38 /* Images.xcassets in Resources */ = {isa = PBXBuildFile; fileRef = 9081C51118D552D500399E38 /* Images.xcassets */; };
		9081C51918D552D600399E38 /* XCTest.framework in Frameworks */ = {isa = PBXBuildFile; fileRef = 9081C51818D552D600399E38 /* XCTest.framework */; };
		9081C51A18D552D600399E38 /* Foundation.framework in Frameworks */ = {isa = PBXBuildFile; fileRef = 9081C4FA18D552D500399E38 /* Foundation.framework */; };
		9081C51B18D552D600399E38 /* UIKit.framework in Frameworks */ = {isa = PBXBuildFile; fileRef = 9081C4FE18D552D500399E38 /* UIKit.framework */; };
		9081C51C18D552D600399E38 /* CoreData.framework in Frameworks */ = {isa = PBXBuildFile; fileRef = 9081C50018D552D500399E38 /* CoreData.framework */; };
		9081C52418D552D600399E38 /* InfoPlist.strings in Resources */ = {isa = PBXBuildFile; fileRef = 9081C52218D552D600399E38 /* InfoPlist.strings */; };
		9081C52618D552D600399E38 /* Project_KramerTests.m in Sources */ = {isa = PBXBuildFile; fileRef = 9081C52518D552D600399E38 /* Project_KramerTests.m */; };
/* End PBXBuildFile section */

/* Begin PBXContainerItemProxy section */
		9081C51D18D552D600399E38 /* PBXContainerItemProxy */ = {
			isa = PBXContainerItemProxy;
			containerPortal = 9081C4EF18D552D500399E38 /* Project object */;
			proxyType = 1;
			remoteGlobalIDString = 9081C4F618D552D500399E38;
			remoteInfo = "Project Kramer";
		};
/* End PBXContainerItemProxy section */

/* Begin PBXFileReference section */
		905433AD18E1B6E000BE0139 /* AddNewItemViewController.h */ = {isa = PBXFileReference; fileEncoding = 4; lastKnownFileType = sourcecode.c.h; path = AddNewItemViewController.h; sourceTree = "<group>"; };
		905433AE18E1B6E000BE0139 /* AddNewItemViewController.m */ = {isa = PBXFileReference; fileEncoding = 4; lastKnownFileType = sourcecode.c.objc; path = AddNewItemViewController.m; sourceTree = "<group>"; };
		905433AF18E1B6E000BE0139 /* AddNewItemViewController.xib */ = {isa = PBXFileReference; fileEncoding = 4; lastKnownFileType = file.xib; path = AddNewItemViewController.xib; sourceTree = "<group>"; };
		905433B518E1B8DE00BE0139 /* ItemsTableViewController.h */ = {isa = PBXFileReference; fileEncoding = 4; lastKnownFileType = sourcecode.c.h; path = ItemsTableViewController.h; sourceTree = "<group>"; };
		905433B618E1B8DE00BE0139 /* ItemsTableViewController.m */ = {isa = PBXFileReference; fileEncoding = 4; lastKnownFileType = sourcecode.c.objc; path = ItemsTableViewController.m; sourceTree = "<group>"; };
		905433B718E1B8DE00BE0139 /* ItemsTableViewController.xib */ = {isa = PBXFileReference; fileEncoding = 4; lastKnownFileType = file.xib; path = ItemsTableViewController.xib; sourceTree = "<group>"; };
		905FB26218E1B0A20060B947 /* Item.h */ = {isa = PBXFileReference; fileEncoding = 4; lastKnownFileType = sourcecode.c.h; path = Item.h; sourceTree = "<group>"; };
		905FB26318E1B0A20060B947 /* Item.m */ = {isa = PBXFileReference; fileEncoding = 4; lastKnownFileType = sourcecode.c.objc; path = Item.m; sourceTree = "<group>"; };
		905FB26518E1B1100060B947 /* main.storyboard */ = {isa = PBXFileReference; fileEncoding = 4; lastKnownFileType = file.storyboard; path = main.storyboard; sourceTree = "<group>"; };
		9081C4F718D552D500399E38 /* Project Kramer.app */ = {isa = PBXFileReference; explicitFileType = wrapper.application; includeInIndex = 0; path = "Project Kramer.app"; sourceTree = BUILT_PRODUCTS_DIR; };
		9081C4FA18D552D500399E38 /* Foundation.framework */ = {isa = PBXFileReference; lastKnownFileType = wrapper.framework; name = Foundation.framework; path = System/Library/Frameworks/Foundation.framework; sourceTree = SDKROOT; };
		9081C4FC18D552D500399E38 /* CoreGraphics.framework */ = {isa = PBXFileReference; lastKnownFileType = wrapper.framework; name = CoreGraphics.framework; path = System/Library/Frameworks/CoreGraphics.framework; sourceTree = SDKROOT; };
		9081C4FE18D552D500399E38 /* UIKit.framework */ = {isa = PBXFileReference; lastKnownFileType = wrapper.framework; name = UIKit.framework; path = System/Library/Frameworks/UIKit.framework; sourceTree = SDKROOT; };
		9081C50018D552D500399E38 /* CoreData.framework */ = {isa = PBXFileReference; lastKnownFileType = wrapper.framework; name = CoreData.framework; path = System/Library/Frameworks/CoreData.framework; sourceTree = SDKROOT; };
		9081C50418D552D500399E38 /* Project Kramer-Info.plist */ = {isa = PBXFileReference; lastKnownFileType = text.plist.xml; path = "Project Kramer-Info.plist"; sourceTree = "<group>"; };
		9081C50618D552D500399E38 /* en */ = {isa = PBXFileReference; lastKnownFileType = text.plist.strings; name = en; path = en.lproj/InfoPlist.strings; sourceTree = "<group>"; };
		9081C50818D552D500399E38 /* main.m */ = {isa = PBXFileReference; lastKnownFileType = sourcecode.c.objc; path = main.m; sourceTree = "<group>"; };
		9081C50A18D552D500399E38 /* Project Kramer-Prefix.pch */ = {isa = PBXFileReference; lastKnownFileType = sourcecode.c.h; path = "Project Kramer-Prefix.pch"; sourceTree = "<group>"; };
		9081C50B18D552D500399E38 /* AppDelegate.h */ = {isa = PBXFileReference; lastKnownFileType = sourcecode.c.h; path = AppDelegate.h; sourceTree = "<group>"; };
		9081C50C18D552D500399E38 /* AppDelegate.m */ = {isa = PBXFileReference; lastKnownFileType = sourcecode.c.objc; path = AppDelegate.m; sourceTree = "<group>"; };
		9081C50F18D552D500399E38 /* Project_Kramer.xcdatamodel */ = {isa = PBXFileReference; lastKnownFileType = wrapper.xcdatamodel; path = Project_Kramer.xcdatamodel; sourceTree = "<group>"; };
		9081C51118D552D500399E38 /* Images.xcassets */ = {isa = PBXFileReference; lastKnownFileType = folder.assetcatalog; path = Images.xcassets; sourceTree = "<group>"; };
		9081C51718D552D600399E38 /* Project KramerTests.xctest */ = {isa = PBXFileReference; explicitFileType = wrapper.cfbundle; includeInIndex = 0; path = "Project KramerTests.xctest"; sourceTree = BUILT_PRODUCTS_DIR; };
		9081C51818D552D600399E38 /* XCTest.framework */ = {isa = PBXFileReference; lastKnownFileType = wrapper.framework; name = XCTest.framework; path = Library/Frameworks/XCTest.framework; sourceTree = DEVELOPER_DIR; };
		9081C52118D552D600399E38 /* Project KramerTests-Info.plist */ = {isa = PBXFileReference; lastKnownFileType = text.plist.xml; path = "Project KramerTests-Info.plist"; sourceTree = "<group>"; };
		9081C52318D552D600399E38 /* en */ = {isa = PBXFileReference; lastKnownFileType = text.plist.strings; name = en; path = en.lproj/InfoPlist.strings; sourceTree = "<group>"; };
		9081C52518D552D600399E38 /* Project_KramerTests.m */ = {isa = PBXFileReference; lastKnownFileType = sourcecode.c.objc; path = Project_KramerTests.m; sourceTree = "<group>"; };
/* End PBXFileReference section */

/* Begin PBXFrameworksBuildPhase section */
		9081C4F418D552D500399E38 /* Frameworks */ = {
			isa = PBXFrameworksBuildPhase;
			buildActionMask = 2147483647;
			files = (
				9081C4FD18D552D500399E38 /* CoreGraphics.framework in Frameworks */,
				9081C50118D552D500399E38 /* CoreData.framework in Frameworks */,
				9081C4FF18D552D500399E38 /* UIKit.framework in Frameworks */,
				9081C4FB18D552D500399E38 /* Foundation.framework in Frameworks */,
			);
			runOnlyForDeploymentPostprocessing = 0;
		};
		9081C51418D552D600399E38 /* Frameworks */ = {
			isa = PBXFrameworksBuildPhase;
			buildActionMask = 2147483647;
			files = (
				9081C51918D552D600399E38 /* XCTest.framework in Frameworks */,
				9081C51C18D552D600399E38 /* CoreData.framework in Frameworks */,
				9081C51B18D552D600399E38 /* UIKit.framework in Frameworks */,
				9081C51A18D552D600399E38 /* Foundation.framework in Frameworks */,
			);
			runOnlyForDeploymentPostprocessing = 0;
		};
/* End PBXFrameworksBuildPhase section */

/* Begin PBXGroup section */
		9081C4EE18D552D500399E38 = {
			isa = PBXGroup;
			children = (
				9081C50218D552D500399E38 /* Project Kramer */,
				9081C51F18D552D600399E38 /* Project KramerTests */,
				9081C4F918D552D500399E38 /* Frameworks */,
				9081C4F818D552D500399E38 /* Products */,
			);
			sourceTree = "<group>";
		};
		9081C4F818D552D500399E38 /* Products */ = {
			isa = PBXGroup;
			children = (
				9081C4F718D552D500399E38 /* Project Kramer.app */,
				9081C51718D552D600399E38 /* Project KramerTests.xctest */,
			);
			name = Products;
			sourceTree = "<group>";
		};
		9081C4F918D552D500399E38 /* Frameworks */ = {
			isa = PBXGroup;
			children = (
				9081C4FA18D552D500399E38 /* Foundation.framework */,
				9081C4FC18D552D500399E38 /* CoreGraphics.framework */,
				9081C4FE18D552D500399E38 /* UIKit.framework */,
				9081C50018D552D500399E38 /* CoreData.framework */,
				9081C51818D552D600399E38 /* XCTest.framework */,
			);
			name = Frameworks;
			sourceTree = "<group>";
		};
		9081C50218D552D500399E38 /* Project Kramer */ = {
			isa = PBXGroup;
			children = (
				9081C50B18D552D500399E38 /* AppDelegate.h */,
				9081C50C18D552D500399E38 /* AppDelegate.m */,
				9081C51118D552D500399E38 /* Images.xcassets */,
				9081C50E18D552D500399E38 /* Project_Kramer.xcdatamodeld */,
				9081C50318D552D500399E38 /* Supporting Files */,
				905FB26218E1B0A20060B947 /* Item.h */,
				905FB26318E1B0A20060B947 /* Item.m */,
				905FB26518E1B1100060B947 /* main.storyboard */,
				905433AD18E1B6E000BE0139 /* AddNewItemViewController.h */,
				905433AE18E1B6E000BE0139 /* AddNewItemViewController.m */,
				905433AF18E1B6E000BE0139 /* AddNewItemViewController.xib */,
				905433B518E1B8DE00BE0139 /* ItemsTableViewController.h */,
				905433B618E1B8DE00BE0139 /* ItemsTableViewController.m */,
				905433B718E1B8DE00BE0139 /* ItemsTableViewController.xib */,
			);
			path = "Project Kramer";
			sourceTree = "<group>";
		};
		9081C50318D552D500399E38 /* Supporting Files */ = {
			isa = PBXGroup;
			children = (
				9081C50418D552D500399E38 /* Project Kramer-Info.plist */,
				9081C50518D552D500399E38 /* InfoPlist.strings */,
				9081C50818D552D500399E38 /* main.m */,
				9081C50A18D552D500399E38 /* Project Kramer-Prefix.pch */,
			);
			name = "Supporting Files";
			sourceTree = "<group>";
		};
		9081C51F18D552D600399E38 /* Project KramerTests */ = {
			isa = PBXGroup;
			children = (
				9081C52518D552D600399E38 /* Project_KramerTests.m */,
				9081C52018D552D600399E38 /* Supporting Files */,
			);
			path = "Project KramerTests";
			sourceTree = "<group>";
		};
		9081C52018D552D600399E38 /* Supporting Files */ = {
			isa = PBXGroup;
			children = (
				9081C52118D552D600399E38 /* Project KramerTests-Info.plist */,
				9081C52218D552D600399E38 /* InfoPlist.strings */,
			);
			name = "Supporting Files";
			sourceTree = "<group>";
		};
/* End PBXGroup section */

/* Begin PBXNativeTarget section */
		9081C4F618D552D500399E38 /* Project Kramer */ = {
			isa = PBXNativeTarget;
			buildConfigurationList = 9081C52918D552D600399E38 /* Build configuration list for PBXNativeTarget "Project Kramer" */;
			buildPhases = (
				9081C4F318D552D500399E38 /* Sources */,
				9081C4F418D552D500399E38 /* Frameworks */,
				9081C4F518D552D500399E38 /* Resources */,
			);
			buildRules = (
			);
			dependencies = (
			);
			name = "Project Kramer";
			productName = "Project Kramer";
			productReference = 9081C4F718D552D500399E38 /* Project Kramer.app */;
			productType = "com.apple.product-type.application";
		};
		9081C51618D552D600399E38 /* Project KramerTests */ = {
			isa = PBXNativeTarget;
			buildConfigurationList = 9081C52C18D552D600399E38 /* Build configuration list for PBXNativeTarget "Project KramerTests" */;
			buildPhases = (
				9081C51318D552D600399E38 /* Sources */,
				9081C51418D552D600399E38 /* Frameworks */,
				9081C51518D552D600399E38 /* Resources */,
			);
			buildRules = (
			);
			dependencies = (
				9081C51E18D552D600399E38 /* PBXTargetDependency */,
			);
			name = "Project KramerTests";
			productName = "Project KramerTests";
			productReference = 9081C51718D552D600399E38 /* Project KramerTests.xctest */;
			productType = "com.apple.product-type.bundle.unit-test";
		};
/* End PBXNativeTarget section */

/* Begin PBXProject section */
		9081C4EF18D552D500399E38 /* Project object */ = {
			isa = PBXProject;
			attributes = {
				LastUpgradeCheck = 0510;
				ORGANIZATIONNAME = "Tim Cook";
				TargetAttributes = {
					9081C51618D552D600399E38 = {
						TestTargetID = 9081C4F618D552D500399E38;
					};
				};
			};
			buildConfigurationList = 9081C4F218D552D500399E38 /* Build configuration list for PBXProject "Project Kramer" */;
			compatibilityVersion = "Xcode 3.2";
			developmentRegion = English;
			hasScannedForEncodings = 0;
			knownRegions = (
				en,
			);
			mainGroup = 9081C4EE18D552D500399E38;
			productRefGroup = 9081C4F818D552D500399E38 /* Products */;
			projectDirPath = "";
			projectRoot = "";
			targets = (
				9081C4F618D552D500399E38 /* Project Kramer */,
				9081C51618D552D600399E38 /* Project KramerTests */,
			);
		};
/* End PBXProject section */

/* Begin PBXResourcesBuildPhase section */
		9081C4F518D552D500399E38 /* Resources */ = {
			isa = PBXResourcesBuildPhase;
			buildActionMask = 2147483647;
			files = (
				9081C50718D552D500399E38 /* InfoPlist.strings in Resources */,
				905FB26618E1B1100060B947 /* main.storyboard in Resources */,
				905433B918E1B8DE00BE0139 /* ItemsTableViewController.xib in Resources */,
				905433B118E1B6E000BE0139 /* AddNewItemViewController.xib in Resources */,
				9081C51218D552D500399E38 /* Images.xcassets in Resources */,
			);
			runOnlyForDeploymentPostprocessing = 0;
		};
		9081C51518D552D600399E38 /* Resources */ = {
			isa = PBXResourcesBuildPhase;
			buildActionMask = 2147483647;
			files = (
				9081C52418D552D600399E38 /* InfoPlist.strings in Resources */,
			);
			runOnlyForDeploymentPostprocessing = 0;
		};
/* End PBXResourcesBuildPhase section */

/* Begin PBXSourcesBuildPhase section */
		9081C4F318D552D500399E38 /* Sources */ = {
			isa = PBXSourcesBuildPhase;
			buildActionMask = 2147483647;
			files = (
				905433B818E1B8DE00BE0139 /* ItemsTableViewController.m in Sources */,
				905FB26418E1B0A20060B947 /* Item.m in Sources */,
				9081C51018D552D500399E38 /* Project_Kramer.xcdatamodeld in Sources */,
				9081C50D18D552D500399E38 /* AppDelegate.m in Sources */,
				905433B018E1B6E000BE0139 /* AddNewItemViewController.m in Sources */,
				9081C50918D552D500399E38 /* main.m in Sources */,
			);
			runOnlyForDeploymentPostprocessing = 0;
		};
		9081C51318D552D600399E38 /* Sources */ = {
			isa = PBXSourcesBuildPhase;
			buildActionMask = 2147483647;
			files = (
				9081C52618D552D600399E38 /* Project_KramerTests.m in Sources */,
			);
			runOnlyForDeploymentPostprocessing = 0;
		};
/* End PBXSourcesBuildPhase section */

/* Begin PBXTargetDependency section */
		9081C51E18D552D600399E38 /* PBXTargetDependency */ = {
			isa = PBXTargetDependency;
			target = 9081C4F618D552D500399E38 /* Project Kramer */;
			targetProxy = 9081C51D18D552D600399E38 /* PBXContainerItemProxy */;
		};
/* End PBXTargetDependency section */

/* Begin PBXVariantGroup section */
		9081C50518D552D500399E38 /* InfoPlist.strings */ = {
			isa = PBXVariantGroup;
			children = (
				9081C50618D552D500399E38 /* en */,
			);
			name = InfoPlist.strings;
			sourceTree = "<group>";
		};
		9081C52218D552D600399E38 /* InfoPlist.strings */ = {
			isa = PBXVariantGroup;
			children = (
				9081C52318D552D600399E38 /* en */,
			);
			name = InfoPlist.strings;
			sourceTree = "<group>";
		};
/* End PBXVariantGroup section */

/* Begin XCBuildConfiguration section */
		9081C52718D552D600399E38 /* Debug */ = {
			isa = XCBuildConfiguration;
			buildSettings = {
				ALWAYS_SEARCH_USER_PATHS = NO;
				CLANG_CXX_LANGUAGE_STANDARD = "gnu++0x";
				CLANG_CXX_LIBRARY = "libc++";
				CLANG_ENABLE_MODULES = YES;
				CLANG_ENABLE_OBJC_ARC = YES;
				CLANG_WARN_BOOL_CONVERSION = YES;
				CLANG_WARN_CONSTANT_CONVERSION = YES;
				CLANG_WARN_DIRECT_OBJC_ISA_USAGE = YES_ERROR;
				CLANG_WARN_EMPTY_BODY = YES;
				CLANG_WARN_ENUM_CONVERSION = YES;
				CLANG_WARN_INT_CONVERSION = YES;
				CLANG_WARN_OBJC_ROOT_CLASS = YES_ERROR;
				CLANG_WARN__DUPLICATE_METHOD_MATCH = YES;
				"CODE_SIGN_IDENTITY[sdk=iphoneos*]" = "iPhone Developer";
				COPY_PHASE_STRIP = NO;
				GCC_C_LANGUAGE_STANDARD = gnu99;
				GCC_DYNAMIC_NO_PIC = NO;
				GCC_OPTIMIZATION_LEVEL = 0;
				GCC_PREPROCESSOR_DEFINITIONS = (
					"DEBUG=1",
					"$(inherited)",
				);
				GCC_SYMBOLS_PRIVATE_EXTERN = NO;
				GCC_WARN_64_TO_32_BIT_CONVERSION = YES;
				GCC_WARN_ABOUT_RETURN_TYPE = YES_ERROR;
				GCC_WARN_UNDECLARED_SELECTOR = YES;
				GCC_WARN_UNINITIALIZED_AUTOS = YES_AGGRESSIVE;
				GCC_WARN_UNUSED_FUNCTION = YES;
				GCC_WARN_UNUSED_VARIABLE = YES;
				IPHONEOS_DEPLOYMENT_TARGET = 7.1;
				ONLY_ACTIVE_ARCH = YES;
				SDKROOT = iphoneos;
				TARGETED_DEVICE_FAMILY = "1,2";
			};
			name = Debug;
		};
		9081C52818D552D600399E38 /* Release */ = {
			isa = XCBuildConfiguration;
			buildSettings = {
				ALWAYS_SEARCH_USER_PATHS = NO;
				CLANG_CXX_LANGUAGE_STANDARD = "gnu++0x";
				CLANG_CXX_LIBRARY = "libc++";
				CLANG_ENABLE_MODULES = YES;
				CLANG_ENABLE_OBJC_ARC = YES;
				CLANG_WARN_BOOL_CONVERSION = YES;
				CLANG_WARN_CONSTANT_CONVERSION = YES;
				CLANG_WARN_DIRECT_OBJC_ISA_USAGE = YES_ERROR;
				CLANG_WARN_EMPTY_BODY = YES;
				CLANG_WARN_ENUM_CONVERSION = YES;
				CLANG_WARN_INT_CONVERSION = YES;
				CLANG_WARN_OBJC_ROOT_CLASS = YES_ERROR;
				CLANG_WARN__DUPLICATE_METHOD_MATCH = YES;
				"CODE_SIGN_IDENTITY[sdk=iphoneos*]" = "iPhone Developer";
				COPY_PHASE_STRIP = YES;
				ENABLE_NS_ASSERTIONS = NO;
				GCC_C_LANGUAGE_STANDARD = gnu99;
				GCC_WARN_64_TO_32_BIT_CONVERSION = YES;
				GCC_WARN_ABOUT_RETURN_TYPE = YES_ERROR;
				GCC_WARN_UNDECLARED_SELECTOR = YES;
				GCC_WARN_UNINITIALIZED_AUTOS = YES_AGGRESSIVE;
				GCC_WARN_UNUSED_FUNCTION = YES;
				GCC_WARN_UNUSED_VARIABLE = YES;
				IPHONEOS_DEPLOYMENT_TARGET = 7.1;
				SDKROOT = iphoneos;
				TARGETED_DEVICE_FAMILY = "1,2";
				VALIDATE_PRODUCT = YES;
			};
			name = Release;
		};
		9081C52A18D552D600399E38 /* Debug */ = {
			isa = XCBuildConfiguration;
			buildSettings = {
				ASSETCATALOG_COMPILER_APPICON_NAME = AppIcon;
				ASSETCATALOG_COMPILER_LAUNCHIMAGE_NAME = LaunchImage;
				GCC_PRECOMPILE_PREFIX_HEADER = YES;
				GCC_PREFIX_HEADER = "Project Kramer/Project Kramer-Prefix.pch";
				INFOPLIST_FILE = "Project Kramer/Project Kramer-Info.plist";
				PRODUCT_NAME = "$(TARGET_NAME)";
				WRAPPER_EXTENSION = app;
			};
			name = Debug;
		};
		9081C52B18D552D600399E38 /* Release */ = {
			isa = XCBuildConfiguration;
			buildSettings = {
				ASSETCATALOG_COMPILER_APPICON_NAME = AppIcon;
				ASSETCATALOG_COMPILER_LAUNCHIMAGE_NAME = LaunchImage;
				GCC_PRECOMPILE_PREFIX_HEADER = YES;
				GCC_PREFIX_HEADER = "Project Kramer/Project Kramer-Prefix.pch";
				INFOPLIST_FILE = "Project Kramer/Project Kramer-Info.plist";
				PRODUCT_NAME = "$(TARGET_NAME)";
				WRAPPER_EXTENSION = app;
			};
			name = Release;
		};
		9081C52D18D552D600399E38 /* Debug */ = {
			isa = XCBuildConfiguration;
			buildSettings = {
				BUNDLE_LOADER = "$(BUILT_PRODUCTS_DIR)/Project Kramer.app/Project Kramer";
				FRAMEWORK_SEARCH_PATHS = (
					"$(SDKROOT)/Developer/Library/Frameworks",
					"$(inherited)",
					"$(DEVELOPER_FRAMEWORKS_DIR)",
				);
				GCC_PRECOMPILE_PREFIX_HEADER = YES;
				GCC_PREFIX_HEADER = "Project Kramer/Project Kramer-Prefix.pch";
				GCC_PREPROCESSOR_DEFINITIONS = (
					"DEBUG=1",
					"$(inherited)",
				);
				INFOPLIST_FILE = "Project KramerTests/Project KramerTests-Info.plist";
				PRODUCT_NAME = "$(TARGET_NAME)";
				TEST_HOST = "$(BUNDLE_LOADER)";
				WRAPPER_EXTENSION = xctest;
			};
			name = Debug;
		};
		9081C52E18D552D600399E38 /* Release */ = {
			isa = XCBuildConfiguration;
			buildSettings = {
				BUNDLE_LOADER = "$(BUILT_PRODUCTS_DIR)/Project Kramer.app/Project Kramer";
				FRAMEWORK_SEARCH_PATHS = (
					"$(SDKROOT)/Developer/Library/Frameworks",
					"$(inherited)",
					"$(DEVELOPER_FRAMEWORKS_DIR)",
				);
				GCC_PRECOMPILE_PREFIX_HEADER = YES;
				GCC_PREFIX_HEADER = "Project Kramer/Project Kramer-Prefix.pch";
				INFOPLIST_FILE = "Project KramerTests/Project KramerTests-Info.plist";
				PRODUCT_NAME = "$(TARGET_NAME)";
				TEST_HOST = "$(BUNDLE_LOADER)";
				WRAPPER_EXTENSION = xctest;
			};
			name = Release;
		};
/* End XCBuildConfiguration section */

/* Begin XCConfigurationList section */
		9081C4F218D552D500399E38 /* Build configuration list for PBXProject "Project Kramer" */ = {
			isa = XCConfigurationList;
			buildConfigurations = (
				9081C52718D552D600399E38 /* Debug */,
				9081C52818D552D600399E38 /* Release */,
			);
			defaultConfigurationIsVisible = 0;
			defaultConfigurationName = Release;
		};
		9081C52918D552D600399E38 /* Build configuration list for PBXNativeTarget "Project Kramer" */ = {
			isa = XCConfigurationList;
			buildConfigurations = (
				9081C52A18D552D600399E38 /* Debug */,
				9081C52B18D552D600399E38 /* Release */,
			);
			defaultConfigurationIsVisible = 0;
			defaultConfigurationName = Release;
		};
		9081C52C18D552D600399E38 /* Build configuration list for PBXNativeTarget "Project KramerTests" */ = {
			isa = XCConfigurationList;
			buildConfigurations = (
				9081C52D18D552D600399E38 /* Debug */,
				9081C52E18D552D600399E38 /* Release */,
			);
			defaultConfigurationIsVisible = 0;
			defaultConfigurationName = Release;
		};
/* End XCConfigurationList section */

/* Begin XCVersionGroup section */
		9081C50E18D552D500399E38 /* Project_Kramer.xcdatamodeld */ = {
			isa = XCVersionGroup;
			children = (
				9081C50F18D552D500399E38 /* Project_Kramer.xcdatamodel */,
			);
			currentVersion = 9081C50F18D552D500399E38 /* Project_Kramer.xcdatamodel */;
			path = Project_Kramer.xcdatamodeld;
			sourceTree = "<group>";
			versionGroupType = wrapper.xcdatamodel;
		};
/* End XCVersionGroup section */
	};
	rootObject = 9081C4EF18D552D500399E38 /* Project object */;
}
